
Microsoft Visual Studio Solution File, Format Version 12.00
# Visual Studio Version 17
VisualStudioVersion = 17.11.35312.102
MinimumVisualStudioVersion = 10.0.40219.1
Project("{FAE04EC0-301F-11D3-BF4B-00C04F79EFBC}") = "Api_New_Feature", "Api_New_Feature\Api_New_Feature.csproj", "{970F4424-53A1-4C53-987E-8734C3307FF5}"
EndProject
Project("{FAE04EC0-301F-11D3-BF4B-00C04F79EFBC}") = "Contracts", "Contracts\Contracts.csproj", "{5B2C298D-84DF-421A-849E-5A9B3B022EBB}"
EndProject
Project("{FAE04EC0-301F-11D3-BF4B-00C04F79EFBC}") = "LoggerServices", "LoggerServices\LoggerServices.csproj", "{2F1BA225-9CC3-48B1-A0A3-153B2F6E86F4}"
EndProject
Project("{FAE04EC0-301F-11D3-BF4B-00C04F79EFBC}") = "Entities", "Entities\Entities.csproj", "{52A18F82-A728-44CD-A1A5-953F5EA0D3DE}"
EndProject
Project("{FAE04EC0-301F-11D3-BF4B-00C04F79EFBC}") = "Repository", "Repository\Repository.csproj", "{1067855E-09B2-42DC-A151-D4ECFB86A0CA}"
EndProject
Global
	GlobalSection(SolutionConfigurationPlatforms) = preSolution
		Debug|Any CPU = Debug|Any CPU
		Release|Any CPU = Release|Any CPU
	EndGlobalSection
	GlobalSection(ProjectConfigurationPlatforms) = postSolution
		{970F4424-53A1-4C53-987E-8734C3307FF5}.Debug|Any CPU.ActiveCfg = Debug|Any CPU
		{970F4424-53A1-4C53-987E-8734C3307FF5}.Debug|Any CPU.Build.0 = Debug|Any CPU
		{970F4424-53A1-4C53-987E-8734C3307FF5}.Release|Any CPU.ActiveCfg = Release|Any CPU
		{970F4424-53A1-4C53-987E-8734C3307FF5}.Release|Any CPU.Build.0 = Release|Any CPU
		{5B2C298D-84DF-421A-849E-5A9B3B022EBB}.Debug|Any CPU.ActiveCfg = Debug|Any CPU
		{5B2C298D-84DF-421A-849E-5A9B3B022EBB}.Debug|Any CPU.Build.0 = Debug|Any CPU
		{5B2C298D-84DF-421A-849E-5A9B3B022EBB}.Release|Any CPU.ActiveCfg = Release|Any CPU
		{5B2C298D-84DF-421A-849E-5A9B3B022EBB}.Release|Any CPU.Build.0 = Release|Any CPU
		{2F1BA225-9CC3-48B1-A0A3-153B2F6E86F4}.Debug|Any CPU.ActiveCfg = Debug|Any CPU
		{2F1BA225-9CC3-48B1-A0A3-153B2F6E86F4}.Debug|Any CPU.Build.0 = Debug|Any CPU
		{2F1BA225-9CC3-48B1-A0A3-153B2F6E86F4}.Release|Any CPU.ActiveCfg = Release|Any CPU
		{2F1BA225-9CC3-48B1-A0A3-153B2F6E86F4}.Release|Any CPU.Build.0 = Release|Any CPU
		{52A18F82-A728-44CD-A1A5-953F5EA0D3DE}.Debug|Any CPU.ActiveCfg = Debug|Any CPU
		{52A18F82-A728-44CD-A1A5-953F5EA0D3DE}.Debug|Any CPU.Build.0 = Debug|Any CPU
		{52A18F82-A728-44CD-A1A5-953F5EA0D3DE}.Release|Any CPU.ActiveCfg = Release|Any CPU
		{52A18F82-A728-44CD-A1A5-953F5EA0D3DE}.Release|Any CPU.Build.0 = Release|Any CPU
		{1067855E-09B2-42DC-A151-D4ECFB86A0CA}.Debug|Any CPU.ActiveCfg = Debug|Any CPU
		{1067855E-09B2-42DC-A151-D4ECFB86A0CA}.Debug|Any CPU.Build.0 = Debug|Any CPU
		{1067855E-09B2-42DC-A151-D4ECFB86A0CA}.Release|Any CPU.ActiveCfg = Release|Any CPU
		{1067855E-09B2-42DC-A151-D4ECFB86A0CA}.Release|Any CPU.Build.0 = Release|Any CPU
	EndGlobalSection
	GlobalSection(SolutionProperties) = preSolution
		HideSolutionNode = FALSE
	EndGlobalSection
	GlobalSection(ExtensibilityGlobals) = postSolution
		SolutionGuid = {02C489EB-D319-4AB4-9D46-368B618B5846}
	EndGlobalSection
EndGlobal
